version = 1
requires-python = ">=3.12"
resolution-markers = [
    "python_full_version >= '3.13'",
    "python_full_version < '3.13'",
]

[[package]]
name = "jax"
version = "0.5.3"
source = { registry = "https://pypi.org/simple" }
dependencies = [
    { name = "jaxlib" },
    { name = "ml-dtypes" },
    { name = "numpy" },
    { name = "opt-einsum" },
    { name = "scipy" },
]
sdist = { url = "https://files.pythonhosted.org/packages/13/e5/dabb73ab10330e9535aba14fc668b04a46fcd8e78f06567c4f4f1adce340/jax-0.5.3.tar.gz", hash = "sha256:f17fcb0fd61dc289394af6ce4de2dada2312f2689bb0d73642c6f026a95fbb2c", size = 2072748 }
wheels = [
    { url = "https://files.pythonhosted.org/packages/86/bb/fdc6513a9aada13fd21e9860e2adee5f6eea2b4f0a145b219288875acb26/jax-0.5.3-py3-none-any.whl", hash = "sha256:1483dc237b4f47e41755d69429e8c3c138736716147cd43bb2b99b259d4e3c41", size = 2406371 },
]

[package.optional-dependencies]
cuda12 = [
    { name = "jax-cuda12-plugin", extra = ["with-cuda"] },
    { name = "jaxlib" },
]

[[package]]
name = "jax-cuda12-pjrt"
version = "0.5.3"
source = { registry = "https://pypi.org/simple" }
wheels = [
    { url = "https://files.pythonhosted.org/packages/3f/1f/016875cb4dd320fe0801b4a1bf132dd7ff9793d844aea659fe370c93d1b6/jax_cuda12_pjrt-0.5.3-py3-none-manylinux2014_aarch64.whl", hash = "sha256:04ee111eaf5fc2692978ad4a5c84d5925e42eb05c1701849ba3a53f6515400cc", size = 90705751 },
    { url = "https://files.pythonhosted.org/packages/58/c4/a603473feae00cd1b20ba3829413da53fd48977af052491ea7dab16fa618/jax_cuda12_pjrt-0.5.3-py3-none-manylinux2014_x86_64.whl", hash = "sha256:c5378306568ba0c81b230a779dd3194c9dd10339ab6360ae80928108d37e7f75", size = 104655464 },
]

[[package]]
name = "jax-cuda12-plugin"
version = "0.5.3"
source = { registry = "https://pypi.org/simple" }
dependencies = [
    { name = "jax-cuda12-pjrt" },
]
wheels = [
    { url = "https://files.pythonhosted.org/packages/eb/b3/8e35a75362dbd4ad000ed50fa07ec2dfae512c03be35d33d7eb4e0d84fbc/jax_cuda12_plugin-0.5.3-cp312-cp312-manylinux2014_aarch64.whl", hash = "sha256:c2517a7c2186f8708894696e26cf96ebd60b7879ceca398b2c46abb28d2c96c8", size = 16691718 },
    { url = "https://files.pythonhosted.org/packages/ee/8b/1b00720b693d29bf41491a099fb81fc9118f73e54696b507428e691bad0e/jax_cuda12_plugin-0.5.3-cp312-cp312-manylinux2014_x86_64.whl", hash = "sha256:2030cf1208ce4ea70ee56cac61ddd239f9798695fc39bb7739c50a25d6e9da44", size = 16696110 },
    { url = "https://files.pythonhosted.org/packages/fa/38/d5debf1cc41722494d6f595eb42e9a4428d511a01a6d465e5ca6f7a198b7/jax_cuda12_plugin-0.5.3-cp313-cp313-manylinux2014_aarch64.whl", hash = "sha256:21fec1b56c98783ea0569b747a56751f1f9ff2187b48acc11c700d3bfc5e1a31", size = 16690773 },
    { url = "https://files.pythonhosted.org/packages/34/a2/ffa883b05b8dedf98e513517ab92a79c69ce57233481b6a40c27c2fdcdc9/jax_cuda12_plugin-0.5.3-cp313-cp313-manylinux2014_x86_64.whl", hash = "sha256:1862595b2b6d815679d11e0e889e523185ee54a46d46e022689f70fc4554dd91", size = 16696010 },
    { url = "https://files.pythonhosted.org/packages/93/14/13d77e20bb41ce3fac17a0f047954f378ad8f0ef36c1d652a3e804232454/jax_cuda12_plugin-0.5.3-cp313-cp313t-manylinux2014_aarch64.whl", hash = "sha256:6d43677f22f3be9544a205216cd6dac591335b1d9bbbed018cd17dbb1f3f4def", size = 16812249 },
    { url = "https://files.pythonhosted.org/packages/43/7a/6badc42730609cc906a070ff1b39555b58b09ea0240b6115c2ce6fcf4973/jax_cuda12_plugin-0.5.3-cp313-cp313t-manylinux2014_x86_64.whl", hash = "sha256:5bb9ea0e68d72d44e57e4cb6a58a1a729fe3fe32e964f71e398d8a25c2103b19", size = 16902210 },
]

[package.optional-dependencies]
with-cuda = [
    { name = "nvidia-cublas-cu12" },
    { name = "nvidia-cuda-cupti-cu12" },
    { name = "nvidia-cuda-nvcc-cu12" },
    { name = "nvidia-cuda-runtime-cu12" },
    { name = "nvidia-cudnn-cu12" },
    { name = "nvidia-cufft-cu12" },
    { name = "nvidia-cusolver-cu12" },
    { name = "nvidia-cusparse-cu12" },
    { name = "nvidia-nccl-cu12" },
    { name = "nvidia-nvjitlink-cu12" },
]

[[package]]
name = "jaxlib"
version = "0.5.3"
source = { registry = "https://pypi.org/simple" }
dependencies = [
    { name = "ml-dtypes" },
    { name = "numpy" },
    { name = "scipy" },
]
wheels = [
    { url = "https://files.pythonhosted.org/packages/d5/a5/646af791ccf75641b4df84fb6cb6e3914b0df87ec5fa5f82397fd5dc30ee/jaxlib-0.5.3-cp312-cp312-macosx_11_0_arm64.whl", hash = "sha256:d394dbde4a1c6bd67501cfb29d3819a10b900cb534cc0fc603319f7092f24cfa", size = 63711839 },
    { url = "https://files.pythonhosted.org/packages/53/8c/cbd861e40f0efe7923962ade21919fddcea43fae2794634833e800009b14/jaxlib-0.5.3-cp312-cp312-manylinux2014_aarch64.whl", hash = "sha256:bddf6360377aa1c792e47fd87f307c342e331e5ff3582f940b1bca00f6b4bc73", size = 95764647 },
    { url = "https://files.pythonhosted.org/packages/3e/03/bace4acec295febca9329b3d2dd927b8ac74841e620e0d675f76109b805b/jaxlib-0.5.3-cp312-cp312-manylinux2014_x86_64.whl", hash = "sha256:5a5e88ab1cd6fdf78d69abe3544e8f09cce200dd339bb85fbe3c2ea67f2a5e68", size = 105132789 },
    { url = "https://files.pythonhosted.org/packages/79/f8/34568ec75f53d55b68649b6e1d6befd976fb9646e607954477264f5379ce/jaxlib-0.5.3-cp312-cp312-win_amd64.whl", hash = "sha256:520665929649f29f7d948d4070dbaf3e032a4c1f7c11f2863eac73320fcee784", size = 65789714 },
    { url = "https://files.pythonhosted.org/packages/b4/d0/ed6007cd17dc0f37f950f89e785092d9f0541f3fa6021d029657955206b5/jaxlib-0.5.3-cp313-cp313-macosx_11_0_arm64.whl", hash = "sha256:31321c25282a06a6dfc940507bc14d0a0ac838d8ced6c07aa00a7fae34ce7b3f", size = 63710483 },
    { url = "https://files.pythonhosted.org/packages/36/8f/cafdf24170084de897ffe2a030241c2ba72d12eede85b940a81a94cab156/jaxlib-0.5.3-cp313-cp313-manylinux2014_aarch64.whl", hash = "sha256:e904b92dedfbc7e545725a8d7676987030ae9c069001d94701bc109c6dab4100", size = 95765995 },
    { url = "https://files.pythonhosted.org/packages/86/c7/fc0755ebd999c7c66ac4203d99f958d5ffc0a34eb270f57932ca0213bb54/jaxlib-0.5.3-cp313-cp313-manylinux2014_x86_64.whl", hash = "sha256:bb7593cb7fffcb13963f22fa5229ed960b8fb4ae5ec3b0820048cbd67f1e8e31", size = 105130796 },
    { url = "https://files.pythonhosted.org/packages/83/98/e32da21a490dc408d172ba246d6c47428482fe50d771c3f813e5fc063781/jaxlib-0.5.3-cp313-cp313-win_amd64.whl", hash = "sha256:8019f73a10b1290f988dd3768c684f3a8a147239091c3b790ce7e47e3bbc00bd", size = 65792205 },
]

[[package]]
name = "ml-dtypes"
version = "0.5.1"
source = { registry = "https://pypi.org/simple" }
dependencies = [
    { name = "numpy" },
]
sdist = { url = "https://files.pythonhosted.org/packages/32/49/6e67c334872d2c114df3020e579f3718c333198f8312290e09ec0216703a/ml_dtypes-0.5.1.tar.gz", hash = "sha256:ac5b58559bb84a95848ed6984eb8013249f90b6bab62aa5acbad876e256002c9", size = 698772 }
wheels = [
    { url = "https://files.pythonhosted.org/packages/47/56/1bb21218e1e692506c220ffabd456af9733fba7aa1b14f73899979f4cc20/ml_dtypes-0.5.1-cp312-cp312-macosx_10_9_universal2.whl", hash = "sha256:6f462f5eca22fb66d7ff9c4744a3db4463af06c49816c4b6ac89b16bfcdc592e", size = 670372 },
    { url = "https://files.pythonhosted.org/packages/20/95/d8bd96a3b60e00bf31bd78ca4bdd2d6bbaf5acb09b42844432d719d34061/ml_dtypes-0.5.1-cp312-cp312-manylinux_2_17_aarch64.manylinux2014_aarch64.whl", hash = "sha256:6f76232163b5b9c34291b54621ee60417601e2e4802a188a0ea7157cd9b323f4", size = 4635946 },
    { url = "https://files.pythonhosted.org/packages/08/57/5d58fad4124192b1be42f68bd0c0ddaa26e44a730ff8c9337adade2f5632/ml_dtypes-0.5.1-cp312-cp312-manylinux_2_17_x86_64.manylinux2014_x86_64.whl", hash = "sha256:ad4953c5eb9c25a56d11a913c2011d7e580a435ef5145f804d98efa14477d390", size = 4694804 },
    { url = "https://files.pythonhosted.org/packages/38/bc/c4260e4a6c6bf684d0313308de1c860467275221d5e7daf69b3fcddfdd0b/ml_dtypes-0.5.1-cp312-cp312-win_amd64.whl", hash = "sha256:9626d0bca1fb387d5791ca36bacbba298c5ef554747b7ebeafefb4564fc83566", size = 210853 },
    { url = "https://files.pythonhosted.org/packages/0f/92/bb6a3d18e16fddd18ce6d5f480e1919b33338c70e18cba831c6ae59812ee/ml_dtypes-0.5.1-cp313-cp313-macosx_10_13_universal2.whl", hash = "sha256:12651420130ee7cc13059fc56dac6ad300c3af3848b802d475148c9defd27c23", size = 667696 },
    { url = "https://files.pythonhosted.org/packages/6d/29/cfc89d842767e9a51146043b0fa18332c2b38f8831447e6cb1160e3c6102/ml_dtypes-0.5.1-cp313-cp313-manylinux_2_17_aarch64.manylinux2014_aarch64.whl", hash = "sha256:c9945669d3dadf8acb40ec2e57d38c985d8c285ea73af57fc5b09872c516106d", size = 4638365 },
    { url = "https://files.pythonhosted.org/packages/be/26/adc36e3ea09603d9f6d114894e1c1b7b8e8a9ef6d0b031cc270c6624a37c/ml_dtypes-0.5.1-cp313-cp313-manylinux_2_17_x86_64.manylinux2014_x86_64.whl", hash = "sha256:bf9975bda82a99dc935f2ae4c83846d86df8fd6ba179614acac8e686910851da", size = 4702722 },
    { url = "https://files.pythonhosted.org/packages/da/8a/a2b9375c94077e5a488a624a195621407846f504068ce22ccf805c674156/ml_dtypes-0.5.1-cp313-cp313-win_amd64.whl", hash = "sha256:fd918d4e6a4e0c110e2e05be7a7814d10dc1b95872accbf6512b80a109b71ae1", size = 210850 },
    { url = "https://files.pythonhosted.org/packages/52/38/703169100fdde27957f061d4d0ea3e00525775a09acaccf7e655d9609d55/ml_dtypes-0.5.1-cp313-cp313t-macosx_10_13_universal2.whl", hash = "sha256:05f23447a1c20ddf4dc7c2c661aa9ed93fcb2658f1017c204d1e758714dc28a8", size = 693043 },
    { url = "https://files.pythonhosted.org/packages/28/ff/4e234c9c23e0d456f5da5a326c103bf890c746d93351524d987e41f438b3/ml_dtypes-0.5.1-cp313-cp313t-manylinux_2_17_aarch64.manylinux2014_aarch64.whl", hash = "sha256:1b7fbe5571fdf28fd3aaab3ef4aafc847de9ebf263be959958c1ca58ec8eadf5", size = 4903946 },
    { url = "https://files.pythonhosted.org/packages/b7/45/c1a1ccfdd02bc4173ca0f4a2d327683a27df85797b885eb1da1ca325b85c/ml_dtypes-0.5.1-cp313-cp313t-manylinux_2_17_x86_64.manylinux2014_x86_64.whl", hash = "sha256:d13755f8e8445b3870114e5b6240facaa7cb0c3361e54beba3e07fa912a6e12b", size = 5052731 },
]

[[package]]
name = "numpy"
version = "2.2.4"
source = { registry = "https://pypi.org/simple" }
sdist = { url = "https://files.pythonhosted.org/packages/e1/78/31103410a57bc2c2b93a3597340a8119588571f6a4539067546cb9a0bfac/numpy-2.2.4.tar.gz", hash = "sha256:9ba03692a45d3eef66559efe1d1096c4b9b75c0986b5dff5530c378fb8331d4f", size = 20270701 }
wheels = [
    { url = "https://files.pythonhosted.org/packages/a2/30/182db21d4f2a95904cec1a6f779479ea1ac07c0647f064dea454ec650c42/numpy-2.2.4-cp312-cp312-macosx_10_13_x86_64.whl", hash = "sha256:a7b9084668aa0f64e64bd00d27ba5146ef1c3a8835f3bd912e7a9e01326804c4", size = 20947156 },
    { url = "https://files.pythonhosted.org/packages/24/6d/9483566acfbda6c62c6bc74b6e981c777229d2af93c8eb2469b26ac1b7bc/numpy-2.2.4-cp312-cp312-macosx_11_0_arm64.whl", hash = "sha256:dbe512c511956b893d2dacd007d955a3f03d555ae05cfa3ff1c1ff6df8851854", size = 14133092 },
    { url = "https://files.pythonhosted.org/packages/27/f6/dba8a258acbf9d2bed2525cdcbb9493ef9bae5199d7a9cb92ee7e9b2aea6/numpy-2.2.4-cp312-cp312-macosx_14_0_arm64.whl", hash = "sha256:bb649f8b207ab07caebba230d851b579a3c8711a851d29efe15008e31bb4de24", size = 5163515 },
    { url = "https://files.pythonhosted.org/packages/62/30/82116199d1c249446723c68f2c9da40d7f062551036f50b8c4caa42ae252/numpy-2.2.4-cp312-cp312-macosx_14_0_x86_64.whl", hash = "sha256:f34dc300df798742b3d06515aa2a0aee20941c13579d7a2f2e10af01ae4901ee", size = 6696558 },
    { url = "https://files.pythonhosted.org/packages/0e/b2/54122b3c6df5df3e87582b2e9430f1bdb63af4023c739ba300164c9ae503/numpy-2.2.4-cp312-cp312-manylinux_2_17_aarch64.manylinux2014_aarch64.whl", hash = "sha256:c3f7ac96b16955634e223b579a3e5798df59007ca43e8d451a0e6a50f6bfdfba", size = 14084742 },
    { url = "https://files.pythonhosted.org/packages/02/e2/e2cbb8d634151aab9528ef7b8bab52ee4ab10e076509285602c2a3a686e0/numpy-2.2.4-cp312-cp312-manylinux_2_17_x86_64.manylinux2014_x86_64.whl", hash = "sha256:4f92084defa704deadd4e0a5ab1dc52d8ac9e8a8ef617f3fbb853e79b0ea3592", size = 16134051 },
    { url = "https://files.pythonhosted.org/packages/8e/21/efd47800e4affc993e8be50c1b768de038363dd88865920439ef7b422c60/numpy-2.2.4-cp312-cp312-musllinux_1_2_aarch64.whl", hash = "sha256:7a4e84a6283b36632e2a5b56e121961f6542ab886bc9e12f8f9818b3c266bfbb", size = 15578972 },
    { url = "https://files.pythonhosted.org/packages/04/1e/f8bb88f6157045dd5d9b27ccf433d016981032690969aa5c19e332b138c0/numpy-2.2.4-cp312-cp312-musllinux_1_2_x86_64.whl", hash = "sha256:11c43995255eb4127115956495f43e9343736edb7fcdb0d973defd9de14cd84f", size = 17898106 },
    { url = "https://files.pythonhosted.org/packages/2b/93/df59a5a3897c1f036ae8ff845e45f4081bb06943039ae28a3c1c7c780f22/numpy-2.2.4-cp312-cp312-win32.whl", hash = "sha256:65ef3468b53269eb5fdb3a5c09508c032b793da03251d5f8722b1194f1790c00", size = 6311190 },
    { url = "https://files.pythonhosted.org/packages/46/69/8c4f928741c2a8efa255fdc7e9097527c6dc4e4df147e3cadc5d9357ce85/numpy-2.2.4-cp312-cp312-win_amd64.whl", hash = "sha256:2aad3c17ed2ff455b8eaafe06bcdae0062a1db77cb99f4b9cbb5f4ecb13c5146", size = 12644305 },
    { url = "https://files.pythonhosted.org/packages/2a/d0/bd5ad792e78017f5decfb2ecc947422a3669a34f775679a76317af671ffc/numpy-2.2.4-cp313-cp313-macosx_10_13_x86_64.whl", hash = "sha256:1cf4e5c6a278d620dee9ddeb487dc6a860f9b199eadeecc567f777daace1e9e7", size = 20933623 },
    { url = "https://files.pythonhosted.org/packages/c3/bc/2b3545766337b95409868f8e62053135bdc7fa2ce630aba983a2aa60b559/numpy-2.2.4-cp313-cp313-macosx_11_0_arm64.whl", hash = "sha256:1974afec0b479e50438fc3648974268f972e2d908ddb6d7fb634598cdb8260a0", size = 14148681 },
    { url = "https://files.pythonhosted.org/packages/6a/70/67b24d68a56551d43a6ec9fe8c5f91b526d4c1a46a6387b956bf2d64744e/numpy-2.2.4-cp313-cp313-macosx_14_0_arm64.whl", hash = "sha256:79bd5f0a02aa16808fcbc79a9a376a147cc1045f7dfe44c6e7d53fa8b8a79392", size = 5148759 },
    { url = "https://files.pythonhosted.org/packages/1c/8b/e2fc8a75fcb7be12d90b31477c9356c0cbb44abce7ffb36be39a0017afad/numpy-2.2.4-cp313-cp313-macosx_14_0_x86_64.whl", hash = "sha256:3387dd7232804b341165cedcb90694565a6015433ee076c6754775e85d86f1fc", size = 6683092 },
    { url = "https://files.pythonhosted.org/packages/13/73/41b7b27f169ecf368b52533edb72e56a133f9e86256e809e169362553b49/numpy-2.2.4-cp313-cp313-manylinux_2_17_aarch64.manylinux2014_aarch64.whl", hash = "sha256:6f527d8fdb0286fd2fd97a2a96c6be17ba4232da346931d967a0630050dfd298", size = 14081422 },
    { url = "https://files.pythonhosted.org/packages/4b/04/e208ff3ae3ddfbafc05910f89546382f15a3f10186b1f56bd99f159689c2/numpy-2.2.4-cp313-cp313-manylinux_2_17_x86_64.manylinux2014_x86_64.whl", hash = "sha256:bce43e386c16898b91e162e5baaad90c4b06f9dcbe36282490032cec98dc8ae7", size = 16132202 },
    { url = "https://files.pythonhosted.org/packages/fe/bc/2218160574d862d5e55f803d88ddcad88beff94791f9c5f86d67bd8fbf1c/numpy-2.2.4-cp313-cp313-musllinux_1_2_aarch64.whl", hash = "sha256:31504f970f563d99f71a3512d0c01a645b692b12a63630d6aafa0939e52361e6", size = 15573131 },
    { url = "https://files.pythonhosted.org/packages/a5/78/97c775bc4f05abc8a8426436b7cb1be806a02a2994b195945600855e3a25/numpy-2.2.4-cp313-cp313-musllinux_1_2_x86_64.whl", hash = "sha256:81413336ef121a6ba746892fad881a83351ee3e1e4011f52e97fba79233611fd", size = 17894270 },
    { url = "https://files.pythonhosted.org/packages/b9/eb/38c06217a5f6de27dcb41524ca95a44e395e6a1decdc0c99fec0832ce6ae/numpy-2.2.4-cp313-cp313-win32.whl", hash = "sha256:f486038e44caa08dbd97275a9a35a283a8f1d2f0ee60ac260a1790e76660833c", size = 6308141 },
    { url = "https://files.pythonhosted.org/packages/52/17/d0dd10ab6d125c6d11ffb6dfa3423c3571befab8358d4f85cd4471964fcd/numpy-2.2.4-cp313-cp313-win_amd64.whl", hash = "sha256:207a2b8441cc8b6a2a78c9ddc64d00d20c303d79fba08c577752f080c4007ee3", size = 12636885 },
    { url = "https://files.pythonhosted.org/packages/fa/e2/793288ede17a0fdc921172916efb40f3cbc2aa97e76c5c84aba6dc7e8747/numpy-2.2.4-cp313-cp313t-macosx_10_13_x86_64.whl", hash = "sha256:8120575cb4882318c791f839a4fd66161a6fa46f3f0a5e613071aae35b5dd8f8", size = 20961829 },
    { url = "https://files.pythonhosted.org/packages/3a/75/bb4573f6c462afd1ea5cbedcc362fe3e9bdbcc57aefd37c681be1155fbaa/numpy-2.2.4-cp313-cp313t-macosx_11_0_arm64.whl", hash = "sha256:a761ba0fa886a7bb33c6c8f6f20213735cb19642c580a931c625ee377ee8bd39", size = 14161419 },
    { url = "https://files.pythonhosted.org/packages/03/68/07b4cd01090ca46c7a336958b413cdbe75002286295f2addea767b7f16c9/numpy-2.2.4-cp313-cp313t-macosx_14_0_arm64.whl", hash = "sha256:ac0280f1ba4a4bfff363a99a6aceed4f8e123f8a9b234c89140f5e894e452ecd", size = 5196414 },
    { url = "https://files.pythonhosted.org/packages/a5/fd/d4a29478d622fedff5c4b4b4cedfc37a00691079623c0575978d2446db9e/numpy-2.2.4-cp313-cp313t-macosx_14_0_x86_64.whl", hash = "sha256:879cf3a9a2b53a4672a168c21375166171bc3932b7e21f622201811c43cdd3b0", size = 6709379 },
    { url = "https://files.pythonhosted.org/packages/41/78/96dddb75bb9be730b87c72f30ffdd62611aba234e4e460576a068c98eff6/numpy-2.2.4-cp313-cp313t-manylinux_2_17_aarch64.manylinux2014_aarch64.whl", hash = "sha256:f05d4198c1bacc9124018109c5fba2f3201dbe7ab6e92ff100494f236209c960", size = 14051725 },
    { url = "https://files.pythonhosted.org/packages/00/06/5306b8199bffac2a29d9119c11f457f6c7d41115a335b78d3f86fad4dbe8/numpy-2.2.4-cp313-cp313t-manylinux_2_17_x86_64.manylinux2014_x86_64.whl", hash = "sha256:e2f085ce2e813a50dfd0e01fbfc0c12bbe5d2063d99f8b29da30e544fb6483b8", size = 16101638 },
    { url = "https://files.pythonhosted.org/packages/fa/03/74c5b631ee1ded596945c12027649e6344614144369fd3ec1aaced782882/numpy-2.2.4-cp313-cp313t-musllinux_1_2_aarch64.whl", hash = "sha256:92bda934a791c01d6d9d8e038363c50918ef7c40601552a58ac84c9613a665bc", size = 15571717 },
    { url = "https://files.pythonhosted.org/packages/cb/dc/4fc7c0283abe0981e3b89f9b332a134e237dd476b0c018e1e21083310c31/numpy-2.2.4-cp313-cp313t-musllinux_1_2_x86_64.whl", hash = "sha256:ee4d528022f4c5ff67332469e10efe06a267e32f4067dc76bb7e2cddf3cd25ff", size = 17879998 },
    { url = "https://files.pythonhosted.org/packages/e5/2b/878576190c5cfa29ed896b518cc516aecc7c98a919e20706c12480465f43/numpy-2.2.4-cp313-cp313t-win32.whl", hash = "sha256:05c076d531e9998e7e694c36e8b349969c56eadd2cdcd07242958489d79a7286", size = 6366896 },
    { url = "https://files.pythonhosted.org/packages/3e/05/eb7eec66b95cf697f08c754ef26c3549d03ebd682819f794cb039574a0a6/numpy-2.2.4-cp313-cp313t-win_amd64.whl", hash = "sha256:188dcbca89834cc2e14eb2f106c96d6d46f200fe0200310fc29089657379c58d", size = 12739119 },
]

[[package]]
name = "nvidia-cublas-cu12"
version = "12.8.4.1"
source = { registry = "https://pypi.org/simple" }
wheels = [
    { url = "https://files.pythonhosted.org/packages/29/99/db44d685f0e257ff0e213ade1964fc459b4a690a73293220e98feb3307cf/nvidia_cublas_cu12-12.8.4.1-py3-none-manylinux_2_27_aarch64.whl", hash = "sha256:b86f6dd8935884615a0683b663891d43781b819ac4f2ba2b0c9604676af346d0", size = 590537124 },
    { url = "https://files.pythonhosted.org/packages/dc/61/e24b560ab2e2eaeb3c839129175fb330dfcfc29e5203196e5541a4c44682/nvidia_cublas_cu12-12.8.4.1-py3-none-manylinux_2_27_x86_64.whl", hash = "sha256:8ac4e771d5a348c551b2a426eda6193c19aa630236b418086020df5ba9667142", size = 594346921 },
    { url = "https://files.pythonhosted.org/packages/70/61/7d7b3c70186fb651d0fbd35b01dbfc8e755f69fd58f817f3d0f642df20c3/nvidia_cublas_cu12-12.8.4.1-py3-none-win_amd64.whl", hash = "sha256:47e9b82132fa8d2b4944e708049229601448aaad7e6f296f630f2d1a32de35af", size = 567544208 },
]

[[package]]
name = "nvidia-cuda-cupti-cu12"
version = "12.8.90"
source = { registry = "https://pypi.org/simple" }
wheels = [
    { url = "https://files.pythonhosted.org/packages/d5/1f/b3bd73445e5cb342727fd24fe1f7b748f690b460acadc27ea22f904502c8/nvidia_cuda_cupti_cu12-12.8.90-py3-none-manylinux2014_aarch64.manylinux_2_17_aarch64.whl", hash = "sha256:4412396548808ddfed3f17a467b104ba7751e6b58678a4b840675c56d21cf7ed", size = 9533318 },
    { url = "https://files.pythonhosted.org/packages/f8/02/2adcaa145158bf1a8295d83591d22e4103dbfd821bcaf6f3f53151ca4ffa/nvidia_cuda_cupti_cu12-12.8.90-py3-none-manylinux2014_x86_64.manylinux_2_17_x86_64.whl", hash = "sha256:ea0cb07ebda26bb9b29ba82cda34849e73c166c18162d3913575b0c9db9a6182", size = 10248621 },
    { url = "https://files.pythonhosted.org/packages/41/bc/83f5426095d93694ae39fe1311431b5d5a9bb82e48bf0dd8e19be2765942/nvidia_cuda_cupti_cu12-12.8.90-py3-none-win_amd64.whl", hash = "sha256:bb479dcdf7e6d4f8b0b01b115260399bf34154a1a2e9fe11c85c517d87efd98e", size = 7015759 },
]

[[package]]
name = "nvidia-cuda-nvcc-cu12"
version = "12.8.93"
source = { registry = "https://pypi.org/simple" }
wheels = [
    { url = "https://files.pythonhosted.org/packages/86/0a/962e9c861541b08d62ee38a9e9776a46f75b979c75e7236fa7e09b024470/nvidia_cuda_nvcc_cu12-12.8.93-py3-none-manylinux2010_x86_64.manylinux_2_12_x86_64.whl", hash = "sha256:2d6dc36fb7cb5ac9c0b8825bc13d193c35487a315664007287d0126531238011", size = 40128098 },
    { url = "https://files.pythonhosted.org/packages/df/26/38b9f7d19a1d4bc7bc5988aa07c8c7ab8fb20f5a2d92018fd037eaff4eb7/nvidia_cuda_nvcc_cu12-12.8.93-py3-none-manylinux2014_aarch64.manylinux_2_17_aarch64.whl", hash = "sha256:2b35ada240938d19398119ca596faaf626ba5e729511be9715842a29d112926d", size = 38021796 },
    { url = "https://files.pythonhosted.org/packages/05/e9/0adfcf7b228413645b41b0fafaa0b93a71dfe8f23cb15591a0f7fe6c3f63/nvidia_cuda_nvcc_cu12-12.8.93-py3-none-win_amd64.whl", hash = "sha256:bb9dc7c291cd105d14f9b220bdcdf6ce6063c2d6ff01a505e358471530a8d226", size = 33424101 },
]

[[package]]
name = "nvidia-cuda-runtime-cu12"
version = "12.8.90"
source = { registry = "https://pypi.org/simple" }
wheels = [
    { url = "https://files.pythonhosted.org/packages/7c/75/f865a3b236e4647605ea34cc450900854ba123834a5f1598e160b9530c3a/nvidia_cuda_runtime_cu12-12.8.90-py3-none-manylinux2014_aarch64.manylinux_2_17_aarch64.whl", hash = "sha256:52bf7bbee900262ffefe5e9d5a2a69a30d97e2bc5bb6cc866688caa976966e3d", size = 965265 },
    { url = "https://files.pythonhosted.org/packages/0d/9b/a997b638fcd068ad6e4d53b8551a7d30fe8b404d6f1804abf1df69838932/nvidia_cuda_runtime_cu12-12.8.90-py3-none-manylinux2014_x86_64.manylinux_2_17_x86_64.whl", hash = "sha256:adade8dcbd0edf427b7204d480d6066d33902cab2a4707dcfc48a2d0fd44ab90", size = 954765 },
    { url = "https://files.pythonhosted.org/packages/30/a5/a515b7600ad361ea14bfa13fb4d6687abf500adc270f19e89849c0590492/nvidia_cuda_runtime_cu12-12.8.90-py3-none-win_amd64.whl", hash = "sha256:c0c6027f01505bfed6c3b21ec546f69c687689aad5f1a377554bc6ca4aa993a8", size = 944318 },
]

[[package]]
name = "nvidia-cudnn-cu12"
version = "9.8.0.87"
source = { registry = "https://pypi.org/simple" }
dependencies = [
    { name = "nvidia-cublas-cu12" },
]
wheels = [
    { url = "https://files.pythonhosted.org/packages/9e/74/57e9771579eada9733610017e782739a370d2a933c4d232ac2db9bda0d8a/nvidia_cudnn_cu12-9.8.0.87-py3-none-manylinux_2_27_aarch64.whl", hash = "sha256:b883faeb2f6f15dba7bbb6756eab6a0d9cecb59db5b0fa07577b9cfa24cd99f4", size = 696667657 },
    { url = "https://files.pythonhosted.org/packages/77/f0/8236c886a061d203e51247aec2b8e3a8f5350178251ab57237daf2140680/nvidia_cudnn_cu12-9.8.0.87-py3-none-manylinux_2_27_x86_64.whl", hash = "sha256:d6b02cd0e3e24aa31d0193a8c39fec239354360d7d81055edddb69f35d53a4c8", size = 697999707 },
    { url = "https://files.pythonhosted.org/packages/39/6a/5e9910b2b2c9dcddee9aaef372b3db0f08b9f7eaf1d462f859461a79caf9/nvidia_cudnn_cu12-9.8.0.87-py3-none-win_amd64.whl", hash = "sha256:b4b5cfddc32aa4180f9d390ee99e9a9f55a89e7087329b41aba4319327e22466", size = 684630375 },
]

[[package]]
name = "nvidia-cufft-cu12"
version = "11.3.3.83"
source = { registry = "https://pypi.org/simple" }
dependencies = [
    { name = "nvidia-nvjitlink-cu12" },
]
wheels = [
    { url = "https://files.pythonhosted.org/packages/60/bc/7771846d3a0272026c416fbb7e5f4c1f146d6d80704534d0b187dd6f4800/nvidia_cufft_cu12-11.3.3.83-py3-none-manylinux2014_aarch64.manylinux_2_17_aarch64.whl", hash = "sha256:848ef7224d6305cdb2a4df928759dca7b1201874787083b6e7550dd6765ce69a", size = 193109211 },
    { url = "https://files.pythonhosted.org/packages/1f/13/ee4e00f30e676b66ae65b4f08cb5bcbb8392c03f54f2d5413ea99a5d1c80/nvidia_cufft_cu12-11.3.3.83-py3-none-manylinux2014_x86_64.manylinux_2_17_x86_64.whl", hash = "sha256:4d2dd21ec0b88cf61b62e6b43564355e5222e4a3fb394cac0db101f2dd0d4f74", size = 193118695 },
    { url = "https://files.pythonhosted.org/packages/7d/ec/ce1629f1e478bb5ccd208986b5f9e0316a78538dd6ab1d0484f012f8e2a1/nvidia_cufft_cu12-11.3.3.83-py3-none-win_amd64.whl", hash = "sha256:7a64a98ef2a7c47f905aaf8931b69a3a43f27c55530c698bb2ed7c75c0b42cb7", size = 192216559 },
]

[[package]]
name = "nvidia-cusolver-cu12"
version = "11.7.3.90"
source = { registry = "https://pypi.org/simple" }
dependencies = [
    { name = "nvidia-cublas-cu12" },
    { name = "nvidia-cusparse-cu12" },
    { name = "nvidia-nvjitlink-cu12" },
]
wheels = [
    { url = "https://files.pythonhosted.org/packages/c8/32/f7cd6ce8a7690544d084ea21c26e910a97e077c9b7f07bf5de623ee19981/nvidia_cusolver_cu12-11.7.3.90-py3-none-manylinux_2_27_aarch64.whl", hash = "sha256:db9ed69dbef9715071232caa9b69c52ac7de3a95773c2db65bdba85916e4e5c0", size = 267229841 },
    { url = "https://files.pythonhosted.org/packages/85/48/9a13d2975803e8cf2777d5ed57b87a0b6ca2cc795f9a4f59796a910bfb80/nvidia_cusolver_cu12-11.7.3.90-py3-none-manylinux_2_27_x86_64.whl", hash = "sha256:4376c11ad263152bd50ea295c05370360776f8c3427b30991df774f9fb26c450", size = 267506905 },
    { url = "https://files.pythonhosted.org/packages/13/c0/76ca8551b8a84146ffa189fec81c26d04adba4bc0dbe09cd6e6fd9b7de04/nvidia_cusolver_cu12-11.7.3.90-py3-none-win_amd64.whl", hash = "sha256:4a550db115fcabc4d495eb7d39ac8b58d4ab5d8e63274d3754df1c0ad6a22d34", size = 256720438 },
]

[[package]]
name = "nvidia-cusparse-cu12"
version = "12.5.8.93"
source = { registry = "https://pypi.org/simple" }
dependencies = [
    { name = "nvidia-nvjitlink-cu12" },
]
wheels = [
    { url = "https://files.pythonhosted.org/packages/bc/f7/cd777c4109681367721b00a106f491e0d0d15cfa1fd59672ce580ce42a97/nvidia_cusparse_cu12-12.5.8.93-py3-none-manylinux2014_aarch64.manylinux_2_17_aarch64.whl", hash = "sha256:9b6c161cb130be1a07a27ea6923df8141f3c295852f4b260c65f18f3e0a091dc", size = 288117129 },
    { url = "https://files.pythonhosted.org/packages/c2/f5/e1854cb2f2bcd4280c44736c93550cc300ff4b8c95ebe370d0aa7d2b473d/nvidia_cusparse_cu12-12.5.8.93-py3-none-manylinux2014_x86_64.manylinux_2_17_x86_64.whl", hash = "sha256:1ec05d76bbbd8b61b06a80e1eaf8cf4959c3d4ce8e711b65ebd0443bb0ebb13b", size = 288216466 },
    { url = "https://files.pythonhosted.org/packages/62/07/f3b2ad63f8e3d257a599f422ae34eb565e70c41031aecefa3d18b62cabd1/nvidia_cusparse_cu12-12.5.8.93-py3-none-win_amd64.whl", hash = "sha256:9a33604331cb2cac199f2e7f5104dfbb8a5a898c367a53dfda9ff2acb6b6b4dd", size = 284937404 },
]

[[package]]
name = "nvidia-nccl-cu12"
version = "2.26.2"
source = { registry = "https://pypi.org/simple" }
wheels = [
    { url = "https://files.pythonhosted.org/packages/69/5b/ca2f213f637305633814ae8c36b153220e40a07ea001966dcd87391f3acb/nvidia_nccl_cu12-2.26.2-py3-none-manylinux2014_aarch64.manylinux_2_17_aarch64.whl", hash = "sha256:5c196e95e832ad30fbbb50381eb3cbd1fadd5675e587a548563993609af19522", size = 291671495 },
    { url = "https://files.pythonhosted.org/packages/67/ca/f42388aed0fddd64ade7493dbba36e1f534d4e6fdbdd355c6a90030ae028/nvidia_nccl_cu12-2.26.2-py3-none-manylinux2014_x86_64.manylinux_2_17_x86_64.whl", hash = "sha256:694cf3879a206553cc9d7dbda76b13efaf610fdb70a50cba303de1b0d1530ac6", size = 201319755 },
]

[[package]]
name = "nvidia-nvjitlink-cu12"
version = "12.8.93"
source = { registry = "https://pypi.org/simple" }
wheels = [
    { url = "https://files.pythonhosted.org/packages/f6/74/86a07f1d0f42998ca31312f998bd3b9a7eff7f52378f4f270c8679c77fb9/nvidia_nvjitlink_cu12-12.8.93-py3-none-manylinux2010_x86_64.manylinux_2_12_x86_64.whl", hash = "sha256:81ff63371a7ebd6e6451970684f916be2eab07321b73c9d244dc2b4da7f73b88", size = 39254836 },
    { url = "https://files.pythonhosted.org/packages/2a/a2/8cee5da30d13430e87bf99bb33455d2724d0a4a9cb5d7926d80ccb96d008/nvidia_nvjitlink_cu12-12.8.93-py3-none-manylinux2014_aarch64.manylinux_2_17_aarch64.whl", hash = "sha256:adccd7161ace7261e01bb91e44e88da350895c270d23f744f0820c818b7229e7", size = 38386204 },
    { url = "https://files.pythonhosted.org/packages/ed/d7/34f02dad2e30c31b10a51f6b04e025e5dd60e5f936af9045a9b858a05383/nvidia_nvjitlink_cu12-12.8.93-py3-none-win_amd64.whl", hash = "sha256:bd93fbeeee850917903583587f4fc3a4eafa022e34572251368238ab5e6bd67f", size = 268553710 },
]

[[package]]
name = "opt-einsum"
version = "3.4.0"
source = { registry = "https://pypi.org/simple" }
sdist = { url = "https://files.pythonhosted.org/packages/8c/b9/2ac072041e899a52f20cf9510850ff58295003aa75525e58343591b0cbfb/opt_einsum-3.4.0.tar.gz", hash = "sha256:96ca72f1b886d148241348783498194c577fa30a8faac108586b14f1ba4473ac", size = 63004 }
wheels = [
    { url = "https://files.pythonhosted.org/packages/23/cd/066e86230ae37ed0be70aae89aabf03ca8d9f39c8aea0dec8029455b5540/opt_einsum-3.4.0-py3-none-any.whl", hash = "sha256:69bb92469f86a1565195ece4ac0323943e83477171b91d24c35afe028a90d7cd", size = 71932 },
]

[[package]]
name = "scipy"
version = "1.15.2"
source = { registry = "https://pypi.org/simple" }
dependencies = [
    { name = "numpy" },
]
sdist = { url = "https://files.pythonhosted.org/packages/b7/b9/31ba9cd990e626574baf93fbc1ac61cf9ed54faafd04c479117517661637/scipy-1.15.2.tar.gz", hash = "sha256:cd58a314d92838f7e6f755c8a2167ead4f27e1fd5c1251fd54289569ef3495ec", size = 59417316 }
wheels = [
    { url = "https://files.pythonhosted.org/packages/4b/5d/3c78815cbab499610f26b5bae6aed33e227225a9fa5290008a733a64f6fc/scipy-1.15.2-cp312-cp312-macosx_10_13_x86_64.whl", hash = "sha256:c4697a10da8f8765bb7c83e24a470da5797e37041edfd77fd95ba3811a47c4fd", size = 38756184 },
    { url = "https://files.pythonhosted.org/packages/37/20/3d04eb066b471b6e171827548b9ddb3c21c6bbea72a4d84fc5989933910b/scipy-1.15.2-cp312-cp312-macosx_12_0_arm64.whl", hash = "sha256:869269b767d5ee7ea6991ed7e22b3ca1f22de73ab9a49c44bad338b725603301", size = 30163558 },
    { url = "https://files.pythonhosted.org/packages/a4/98/e5c964526c929ef1f795d4c343b2ff98634ad2051bd2bbadfef9e772e413/scipy-1.15.2-cp312-cp312-macosx_14_0_arm64.whl", hash = "sha256:bad78d580270a4d32470563ea86c6590b465cb98f83d760ff5b0990cb5518a93", size = 22437211 },
    { url = "https://files.pythonhosted.org/packages/1d/cd/1dc7371e29195ecbf5222f9afeedb210e0a75057d8afbd942aa6cf8c8eca/scipy-1.15.2-cp312-cp312-macosx_14_0_x86_64.whl", hash = "sha256:b09ae80010f52efddb15551025f9016c910296cf70adbf03ce2a8704f3a5ad20", size = 25232260 },
    { url = "https://files.pythonhosted.org/packages/f0/24/1a181a9e5050090e0b5138c5f496fee33293c342b788d02586bc410c6477/scipy-1.15.2-cp312-cp312-manylinux_2_17_aarch64.manylinux2014_aarch64.whl", hash = "sha256:5a6fd6eac1ce74a9f77a7fc724080d507c5812d61e72bd5e4c489b042455865e", size = 35198095 },
    { url = "https://files.pythonhosted.org/packages/c0/53/eaada1a414c026673eb983f8b4a55fe5eb172725d33d62c1b21f63ff6ca4/scipy-1.15.2-cp312-cp312-manylinux_2_17_x86_64.manylinux2014_x86_64.whl", hash = "sha256:2b871df1fe1a3ba85d90e22742b93584f8d2b8e6124f8372ab15c71b73e428b8", size = 37297371 },
    { url = "https://files.pythonhosted.org/packages/e9/06/0449b744892ed22b7e7b9a1994a866e64895363572677a316a9042af1fe5/scipy-1.15.2-cp312-cp312-musllinux_1_2_aarch64.whl", hash = "sha256:03205d57a28e18dfd39f0377d5002725bf1f19a46f444108c29bdb246b6c8a11", size = 36872390 },
    { url = "https://files.pythonhosted.org/packages/6a/6f/a8ac3cfd9505ec695c1bc35edc034d13afbd2fc1882a7c6b473e280397bb/scipy-1.15.2-cp312-cp312-musllinux_1_2_x86_64.whl", hash = "sha256:601881dfb761311045b03114c5fe718a12634e5608c3b403737ae463c9885d53", size = 39700276 },
    { url = "https://files.pythonhosted.org/packages/f5/6f/e6e5aff77ea2a48dd96808bb51d7450875af154ee7cbe72188afb0b37929/scipy-1.15.2-cp312-cp312-win_amd64.whl", hash = "sha256:e7c68b6a43259ba0aab737237876e5c2c549a031ddb7abc28c7b47f22e202ded", size = 40942317 },
    { url = "https://files.pythonhosted.org/packages/53/40/09319f6e0f276ea2754196185f95cd191cb852288440ce035d5c3a931ea2/scipy-1.15.2-cp313-cp313-macosx_10_13_x86_64.whl", hash = "sha256:01edfac9f0798ad6b46d9c4c9ca0e0ad23dbf0b1eb70e96adb9fa7f525eff0bf", size = 38717587 },
    { url = "https://files.pythonhosted.org/packages/fe/c3/2854f40ecd19585d65afaef601e5e1f8dbf6758b2f95b5ea93d38655a2c6/scipy-1.15.2-cp313-cp313-macosx_12_0_arm64.whl", hash = "sha256:08b57a9336b8e79b305a143c3655cc5bdbe6d5ece3378578888d2afbb51c4e37", size = 30100266 },
    { url = "https://files.pythonhosted.org/packages/dd/b1/f9fe6e3c828cb5930b5fe74cb479de5f3d66d682fa8adb77249acaf545b8/scipy-1.15.2-cp313-cp313-macosx_14_0_arm64.whl", hash = "sha256:54c462098484e7466362a9f1672d20888f724911a74c22ae35b61f9c5919183d", size = 22373768 },
    { url = "https://files.pythonhosted.org/packages/15/9d/a60db8c795700414c3f681908a2b911e031e024d93214f2d23c6dae174ab/scipy-1.15.2-cp313-cp313-macosx_14_0_x86_64.whl", hash = "sha256:cf72ff559a53a6a6d77bd8eefd12a17995ffa44ad86c77a5df96f533d4e6c6bb", size = 25154719 },
    { url = "https://files.pythonhosted.org/packages/37/3b/9bda92a85cd93f19f9ed90ade84aa1e51657e29988317fabdd44544f1dd4/scipy-1.15.2-cp313-cp313-manylinux_2_17_aarch64.manylinux2014_aarch64.whl", hash = "sha256:9de9d1416b3d9e7df9923ab23cd2fe714244af10b763975bea9e4f2e81cebd27", size = 35163195 },
    { url = "https://files.pythonhosted.org/packages/03/5a/fc34bf1aa14dc7c0e701691fa8685f3faec80e57d816615e3625f28feb43/scipy-1.15.2-cp313-cp313-manylinux_2_17_x86_64.manylinux2014_x86_64.whl", hash = "sha256:fb530e4794fc8ea76a4a21ccb67dea33e5e0e60f07fc38a49e821e1eae3b71a0", size = 37255404 },
    { url = "https://files.pythonhosted.org/packages/4a/71/472eac45440cee134c8a180dbe4c01b3ec247e0338b7c759e6cd71f199a7/scipy-1.15.2-cp313-cp313-musllinux_1_2_aarch64.whl", hash = "sha256:5ea7ed46d437fc52350b028b1d44e002646e28f3e8ddc714011aaf87330f2f32", size = 36860011 },
    { url = "https://files.pythonhosted.org/packages/01/b3/21f890f4f42daf20e4d3aaa18182dddb9192771cd47445aaae2e318f6738/scipy-1.15.2-cp313-cp313-musllinux_1_2_x86_64.whl", hash = "sha256:11e7ad32cf184b74380f43d3c0a706f49358b904fa7d5345f16ddf993609184d", size = 39657406 },
    { url = "https://files.pythonhosted.org/packages/0d/76/77cf2ac1f2a9cc00c073d49e1e16244e389dd88e2490c91d84e1e3e4d126/scipy-1.15.2-cp313-cp313-win_amd64.whl", hash = "sha256:a5080a79dfb9b78b768cebf3c9dcbc7b665c5875793569f48bf0e2b1d7f68f6f", size = 40961243 },
    { url = "https://files.pythonhosted.org/packages/4c/4b/a57f8ddcf48e129e6054fa9899a2a86d1fc6b07a0e15c7eebff7ca94533f/scipy-1.15.2-cp313-cp313t-macosx_10_13_x86_64.whl", hash = "sha256:447ce30cee6a9d5d1379087c9e474628dab3db4a67484be1b7dc3196bfb2fac9", size = 38870286 },
    { url = "https://files.pythonhosted.org/packages/0c/43/c304d69a56c91ad5f188c0714f6a97b9c1fed93128c691148621274a3a68/scipy-1.15.2-cp313-cp313t-macosx_12_0_arm64.whl", hash = "sha256:c90ebe8aaa4397eaefa8455a8182b164a6cc1d59ad53f79943f266d99f68687f", size = 30141634 },
    { url = "https://files.pythonhosted.org/packages/44/1a/6c21b45d2548eb73be9b9bff421aaaa7e85e22c1f9b3bc44b23485dfce0a/scipy-1.15.2-cp313-cp313t-macosx_14_0_arm64.whl", hash = "sha256:def751dd08243934c884a3221156d63e15234a3155cf25978b0a668409d45eb6", size = 22415179 },
    { url = "https://files.pythonhosted.org/packages/74/4b/aefac4bba80ef815b64f55da06f62f92be5d03b467f2ce3668071799429a/scipy-1.15.2-cp313-cp313t-macosx_14_0_x86_64.whl", hash = "sha256:302093e7dfb120e55515936cb55618ee0b895f8bcaf18ff81eca086c17bd80af", size = 25126412 },
    { url = "https://files.pythonhosted.org/packages/b1/53/1cbb148e6e8f1660aacd9f0a9dfa2b05e9ff1cb54b4386fe868477972ac2/scipy-1.15.2-cp313-cp313t-manylinux_2_17_aarch64.manylinux2014_aarch64.whl", hash = "sha256:7cd5b77413e1855351cdde594eca99c1f4a588c2d63711388b6a1f1c01f62274", size = 34952867 },
    { url = "https://files.pythonhosted.org/packages/2c/23/e0eb7f31a9c13cf2dca083828b97992dd22f8184c6ce4fec5deec0c81fcf/scipy-1.15.2-cp313-cp313t-manylinux_2_17_x86_64.manylinux2014_x86_64.whl", hash = "sha256:6d0194c37037707b2afa7a2f2a924cf7bac3dc292d51b6a925e5fcb89bc5c776", size = 36890009 },
    { url = "https://files.pythonhosted.org/packages/03/f3/e699e19cabe96bbac5189c04aaa970718f0105cff03d458dc5e2b6bd1e8c/scipy-1.15.2-cp313-cp313t-musllinux_1_2_aarch64.whl", hash = "sha256:bae43364d600fdc3ac327db99659dcb79e6e7ecd279a75fe1266669d9a652828", size = 36545159 },
    { url = "https://files.pythonhosted.org/packages/af/f5/ab3838e56fe5cc22383d6fcf2336e48c8fe33e944b9037fbf6cbdf5a11f8/scipy-1.15.2-cp313-cp313t-musllinux_1_2_x86_64.whl", hash = "sha256:f031846580d9acccd0044efd1a90e6f4df3a6e12b4b6bd694a7bc03a89892b28", size = 39136566 },
    { url = "https://files.pythonhosted.org/packages/0a/c8/b3f566db71461cabd4b2d5b39bcc24a7e1c119535c8361f81426be39bb47/scipy-1.15.2-cp313-cp313t-win_amd64.whl", hash = "sha256:fe8a9eb875d430d81755472c5ba75e84acc980e4a8f6204d402849234d3017db", size = 40477705 },
]

[[package]]
name = "word2vec-jax"
version = "0.1.0"
source = { virtual = "." }
dependencies = [
    { name = "jax", extra = ["cuda12"] },
]

[package.metadata]
requires-dist = [{ name = "jax", extras = ["cuda12"], specifier = ">=0.5.3" }]
